// !$*UTF8*$!
{
	archiveVersion = 1;
	classes = {
	};
	objectVersion = 55;
	objects = {

/* Begin PBXBuildFile section */
		B9467B2F27F36F4400616133 /* BillItem.swift in Sources */ = {isa = PBXBuildFile; fileRef = B9467B2E27F36F4400616133 /* BillItem.swift */; };
		B9467B3127F37DD100616133 /* SplitViewContainerViewModel.swift in Sources */ = {isa = PBXBuildFile; fileRef = B9467B3027F37DD100616133 /* SplitViewContainerViewModel.swift */; };
		B9467B3427F3985A00616133 /* Helpers.swift in Sources */ = {isa = PBXBuildFile; fileRef = B9467B3327F3985A00616133 /* Helpers.swift */; };
		B9467B4027F3AA3C00616133 /* OrderSummaryViewController.swift in Sources */ = {isa = PBXBuildFile; fileRef = B9467B3F27F3AA3C00616133 /* OrderSummaryViewController.swift */; };
		B9467B4227F3AB1300616133 /* OrderSummaryViewModel.swift in Sources */ = {isa = PBXBuildFile; fileRef = B9467B4127F3AB1300616133 /* OrderSummaryViewModel.swift */; };
		B9467B4427F3B0D800616133 /* OrderSummaryRoute.swift in Sources */ = {isa = PBXBuildFile; fileRef = B9467B4327F3B0D800616133 /* OrderSummaryRoute.swift */; };
		B996979227EE0DBD0022CD4D /* AppDelegate.swift in Sources */ = {isa = PBXBuildFile; fileRef = B996979127EE0DBD0022CD4D /* AppDelegate.swift */; };
		B996979427EE0DBD0022CD4D /* SceneDelegate.swift in Sources */ = {isa = PBXBuildFile; fileRef = B996979327EE0DBD0022CD4D /* SceneDelegate.swift */; };
		B996979627EE0DBD0022CD4D /* TabController.swift in Sources */ = {isa = PBXBuildFile; fileRef = B996979527EE0DBD0022CD4D /* TabController.swift */; };
		B996979B27EE0DBF0022CD4D /* Assets.xcassets in Resources */ = {isa = PBXBuildFile; fileRef = B996979A27EE0DBF0022CD4D /* Assets.xcassets */; };
		B996979E27EE0DBF0022CD4D /* LaunchScreen.storyboard in Resources */ = {isa = PBXBuildFile; fileRef = B996979C27EE0DBF0022CD4D /* LaunchScreen.storyboard */; };
		B99697A927EE0DBF0022CD4D /* RegisterArchSubmissionTests.swift in Sources */ = {isa = PBXBuildFile; fileRef = B99697A827EE0DBF0022CD4D /* RegisterArchSubmissionTests.swift */; };
		B99697B327EE0DBF0022CD4D /* RegisterArchSubmissionUITests.swift in Sources */ = {isa = PBXBuildFile; fileRef = B99697B227EE0DBF0022CD4D /* RegisterArchSubmissionUITests.swift */; };
		B99697B527EE0DBF0022CD4D /* RegisterArchSubmissionUITestsLaunchTests.swift in Sources */ = {isa = PBXBuildFile; fileRef = B99697B427EE0DBF0022CD4D /* RegisterArchSubmissionUITestsLaunchTests.swift */; };
		B99697C727EF8FA10022CD4D /* MenuViewController.swift in Sources */ = {isa = PBXBuildFile; fileRef = B99697C627EF8FA10022CD4D /* MenuViewController.swift */; };
		B99697C927EF8FC70022CD4D /* BillViewController.swift in Sources */ = {isa = PBXBuildFile; fileRef = B99697C827EF8FC70022CD4D /* BillViewController.swift */; };
		B99697CB27EF91BB0022CD4D /* SplitViewContainerViewController.swift in Sources */ = {isa = PBXBuildFile; fileRef = B99697CA27EF91BB0022CD4D /* SplitViewContainerViewController.swift */; };
		B99697D327F203260022CD4D /* MenuViewModel.swift in Sources */ = {isa = PBXBuildFile; fileRef = B99697D227F203260022CD4D /* MenuViewModel.swift */; };
		B99697D927F234E20022CD4D /* MenuItem.swift in Sources */ = {isa = PBXBuildFile; fileRef = B99697D827F234E20022CD4D /* MenuItem.swift */; };
		B99697DC27F237F70022CD4D /* RouteMapService.swift in Sources */ = {isa = PBXBuildFile; fileRef = B99697DB27F237F70022CD4D /* RouteMapService.swift */; };
		B99697DE27F238190022CD4D /* Route.swift in Sources */ = {isa = PBXBuildFile; fileRef = B99697DD27F238190022CD4D /* Route.swift */; };
		B99697E027F2387F0022CD4D /* RouteMap.swift in Sources */ = {isa = PBXBuildFile; fileRef = B99697DF27F2387F0022CD4D /* RouteMap.swift */; };
		B99697E327F2397F0022CD4D /* UIKitExtensions.swift in Sources */ = {isa = PBXBuildFile; fileRef = B99697E227F2397F0022CD4D /* UIKitExtensions.swift */; };
		B99697E527F23C830022CD4D /* TabBarRoute.swift in Sources */ = {isa = PBXBuildFile; fileRef = B99697E427F23C830022CD4D /* TabBarRoute.swift */; };
		B99697E727F23CF30022CD4D /* MenuRoute.swift in Sources */ = {isa = PBXBuildFile; fileRef = B99697E627F23CF30022CD4D /* MenuRoute.swift */; };
		B99697E927F2409C0022CD4D /* BillRoute.swift in Sources */ = {isa = PBXBuildFile; fileRef = B99697E827F2409C0022CD4D /* BillRoute.swift */; };
		B99697EB27F2410C0022CD4D /* SplitViewContainerRoute.swift in Sources */ = {isa = PBXBuildFile; fileRef = B99697EA27F2410C0022CD4D /* SplitViewContainerRoute.swift */; };
		B99697ED27F243A50022CD4D /* RouteFactory.swift in Sources */ = {isa = PBXBuildFile; fileRef = B99697EC27F243A50022CD4D /* RouteFactory.swift */; };
		B99697EF27F25CE70022CD4D /* BillViewModel.swift in Sources */ = {isa = PBXBuildFile; fileRef = B99697EE27F25CE70022CD4D /* BillViewModel.swift */; };
		B99697F527F35C280022CD4D /* ItemService.swift in Sources */ = {isa = PBXBuildFile; fileRef = B99697F427F35C280022CD4D /* ItemService.swift */; };
/* End PBXBuildFile section */

/* Begin PBXContainerItemProxy section */
		B99697A527EE0DBF0022CD4D /* PBXContainerItemProxy */ = {
			isa = PBXContainerItemProxy;
			containerPortal = B996978627EE0DBD0022CD4D /* Project object */;
			proxyType = 1;
			remoteGlobalIDString = B996978D27EE0DBD0022CD4D;
			remoteInfo = RegisterArchSubmission;
		};
		B99697AF27EE0DBF0022CD4D /* PBXContainerItemProxy */ = {
			isa = PBXContainerItemProxy;
			containerPortal = B996978627EE0DBD0022CD4D /* Project object */;
			proxyType = 1;
			remoteGlobalIDString = B996978D27EE0DBD0022CD4D;
			remoteInfo = RegisterArchSubmission;
		};
/* End PBXContainerItemProxy section */

/* Begin PBXFileReference section */
		B9467B2E27F36F4400616133 /* BillItem.swift */ = {isa = PBXFileReference; lastKnownFileType = sourcecode.swift; path = BillItem.swift; sourceTree = "<group>"; };
		B9467B3027F37DD100616133 /* SplitViewContainerViewModel.swift */ = {isa = PBXFileReference; lastKnownFileType = sourcecode.swift; path = SplitViewContainerViewModel.swift; sourceTree = "<group>"; };
		B9467B3327F3985A00616133 /* Helpers.swift */ = {isa = PBXFileReference; lastKnownFileType = sourcecode.swift; path = Helpers.swift; sourceTree = "<group>"; };
		B9467B3F27F3AA3C00616133 /* OrderSummaryViewController.swift */ = {isa = PBXFileReference; lastKnownFileType = sourcecode.swift; path = OrderSummaryViewController.swift; sourceTree = "<group>"; };
		B9467B4127F3AB1300616133 /* OrderSummaryViewModel.swift */ = {isa = PBXFileReference; lastKnownFileType = sourcecode.swift; path = OrderSummaryViewModel.swift; sourceTree = "<group>"; };
		B9467B4327F3B0D800616133 /* OrderSummaryRoute.swift */ = {isa = PBXFileReference; lastKnownFileType = sourcecode.swift; path = OrderSummaryRoute.swift; sourceTree = "<group>"; };
		B996978E27EE0DBD0022CD4D /* RegisterArchSubmission.app */ = {isa = PBXFileReference; explicitFileType = wrapper.application; includeInIndex = 0; path = RegisterArchSubmission.app; sourceTree = BUILT_PRODUCTS_DIR; };
		B996979127EE0DBD0022CD4D /* AppDelegate.swift */ = {isa = PBXFileReference; lastKnownFileType = sourcecode.swift; path = AppDelegate.swift; sourceTree = "<group>"; };
		B996979327EE0DBD0022CD4D /* SceneDelegate.swift */ = {isa = PBXFileReference; lastKnownFileType = sourcecode.swift; path = SceneDelegate.swift; sourceTree = "<group>"; };
		B996979527EE0DBD0022CD4D /* TabController.swift */ = {isa = PBXFileReference; lastKnownFileType = sourcecode.swift; path = TabController.swift; sourceTree = "<group>"; };
		B996979A27EE0DBF0022CD4D /* Assets.xcassets */ = {isa = PBXFileReference; lastKnownFileType = folder.assetcatalog; path = Assets.xcassets; sourceTree = "<group>"; };
		B996979D27EE0DBF0022CD4D /* Base */ = {isa = PBXFileReference; lastKnownFileType = file.storyboard; name = Base; path = Base.lproj/LaunchScreen.storyboard; sourceTree = "<group>"; };
		B996979F27EE0DBF0022CD4D /* Info.plist */ = {isa = PBXFileReference; lastKnownFileType = text.plist.xml; path = Info.plist; sourceTree = "<group>"; };
		B99697A427EE0DBF0022CD4D /* RegisterArchSubmissionTests.xctest */ = {isa = PBXFileReference; explicitFileType = wrapper.cfbundle; includeInIndex = 0; path = RegisterArchSubmissionTests.xctest; sourceTree = BUILT_PRODUCTS_DIR; };
		B99697A827EE0DBF0022CD4D /* RegisterArchSubmissionTests.swift */ = {isa = PBXFileReference; lastKnownFileType = sourcecode.swift; path = RegisterArchSubmissionTests.swift; sourceTree = "<group>"; };
		B99697AE27EE0DBF0022CD4D /* RegisterArchSubmissionUITests.xctest */ = {isa = PBXFileReference; explicitFileType = wrapper.cfbundle; includeInIndex = 0; path = RegisterArchSubmissionUITests.xctest; sourceTree = BUILT_PRODUCTS_DIR; };
		B99697B227EE0DBF0022CD4D /* RegisterArchSubmissionUITests.swift */ = {isa = PBXFileReference; lastKnownFileType = sourcecode.swift; path = RegisterArchSubmissionUITests.swift; sourceTree = "<group>"; };
		B99697B427EE0DBF0022CD4D /* RegisterArchSubmissionUITestsLaunchTests.swift */ = {isa = PBXFileReference; lastKnownFileType = sourcecode.swift; path = RegisterArchSubmissionUITestsLaunchTests.swift; sourceTree = "<group>"; };
		B99697C627EF8FA10022CD4D /* MenuViewController.swift */ = {isa = PBXFileReference; lastKnownFileType = sourcecode.swift; path = MenuViewController.swift; sourceTree = "<group>"; };
		B99697C827EF8FC70022CD4D /* BillViewController.swift */ = {isa = PBXFileReference; lastKnownFileType = sourcecode.swift; path = BillViewController.swift; sourceTree = "<group>"; };
		B99697CA27EF91BB0022CD4D /* SplitViewContainerViewController.swift */ = {isa = PBXFileReference; lastKnownFileType = sourcecode.swift; path = SplitViewContainerViewController.swift; sourceTree = "<group>"; };
		B99697D227F203260022CD4D /* MenuViewModel.swift */ = {isa = PBXFileReference; lastKnownFileType = sourcecode.swift; path = MenuViewModel.swift; sourceTree = "<group>"; };
		B99697D827F234E20022CD4D /* MenuItem.swift */ = {isa = PBXFileReference; lastKnownFileType = sourcecode.swift; path = MenuItem.swift; sourceTree = "<group>"; };
		B99697DB27F237F70022CD4D /* RouteMapService.swift */ = {isa = PBXFileReference; lastKnownFileType = sourcecode.swift; path = RouteMapService.swift; sourceTree = "<group>"; };
		B99697DD27F238190022CD4D /* Route.swift */ = {isa = PBXFileReference; lastKnownFileType = sourcecode.swift; path = Route.swift; sourceTree = "<group>"; };
		B99697DF27F2387F0022CD4D /* RouteMap.swift */ = {isa = PBXFileReference; lastKnownFileType = sourcecode.swift; path = RouteMap.swift; sourceTree = "<group>"; };
		B99697E227F2397F0022CD4D /* UIKitExtensions.swift */ = {isa = PBXFileReference; lastKnownFileType = sourcecode.swift; path = UIKitExtensions.swift; sourceTree = "<group>"; };
		B99697E427F23C830022CD4D /* TabBarRoute.swift */ = {isa = PBXFileReference; lastKnownFileType = sourcecode.swift; path = TabBarRoute.swift; sourceTree = "<group>"; };
		B99697E627F23CF30022CD4D /* MenuRoute.swift */ = {isa = PBXFileReference; lastKnownFileType = sourcecode.swift; path = MenuRoute.swift; sourceTree = "<group>"; };
		B99697E827F2409C0022CD4D /* BillRoute.swift */ = {isa = PBXFileReference; lastKnownFileType = sourcecode.swift; path = BillRoute.swift; sourceTree = "<group>"; };
		B99697EA27F2410C0022CD4D /* SplitViewContainerRoute.swift */ = {isa = PBXFileReference; lastKnownFileType = sourcecode.swift; path = SplitViewContainerRoute.swift; sourceTree = "<group>"; };
		B99697EC27F243A50022CD4D /* RouteFactory.swift */ = {isa = PBXFileReference; lastKnownFileType = sourcecode.swift; path = RouteFactory.swift; sourceTree = "<group>"; };
		B99697EE27F25CE70022CD4D /* BillViewModel.swift */ = {isa = PBXFileReference; lastKnownFileType = sourcecode.swift; path = BillViewModel.swift; sourceTree = "<group>"; };
		B99697F427F35C280022CD4D /* ItemService.swift */ = {isa = PBXFileReference; lastKnownFileType = sourcecode.swift; path = ItemService.swift; sourceTree = "<group>"; };
/* End PBXFileReference section */

/* Begin PBXFrameworksBuildPhase section */
		B996978B27EE0DBD0022CD4D /* Frameworks */ = {
			isa = PBXFrameworksBuildPhase;
			buildActionMask = 2147483647;
			files = (
			);
			runOnlyForDeploymentPostprocessing = 0;
		};
		B99697A127EE0DBF0022CD4D /* Frameworks */ = {
			isa = PBXFrameworksBuildPhase;
			buildActionMask = 2147483647;
			files = (
			);
			runOnlyForDeploymentPostprocessing = 0;
		};
		B99697AB27EE0DBF0022CD4D /* Frameworks */ = {
			isa = PBXFrameworksBuildPhase;
			buildActionMask = 2147483647;
			files = (
			);
			runOnlyForDeploymentPostprocessing = 0;
		};
/* End PBXFrameworksBuildPhase section */

/* Begin PBXGroup section */
		B9467B3227F3983800616133 /* Helpers */ = {
			isa = PBXGroup;
			children = (
				B9467B3327F3985A00616133 /* Helpers.swift */,
			);
			path = Helpers;
			sourceTree = "<group>";
		};
		B9467B3E27F3AA0900616133 /* OrderSummary */ = {
			isa = PBXGroup;
			children = (
				B9467B3F27F3AA3C00616133 /* OrderSummaryViewController.swift */,
				B9467B4127F3AB1300616133 /* OrderSummaryViewModel.swift */,
				B9467B4327F3B0D800616133 /* OrderSummaryRoute.swift */,
			);
			path = OrderSummary;
			sourceTree = "<group>";
		};
		B996978527EE0DBD0022CD4D = {
			isa = PBXGroup;
			children = (
				B996979027EE0DBD0022CD4D /* RegisterArchSubmission */,
				B99697A727EE0DBF0022CD4D /* RegisterArchSubmissionTests */,
				B99697B127EE0DBF0022CD4D /* RegisterArchSubmissionUITests */,
				B996978F27EE0DBD0022CD4D /* Products */,
			);
			sourceTree = "<group>";
		};
		B996978F27EE0DBD0022CD4D /* Products */ = {
			isa = PBXGroup;
			children = (
				B996978E27EE0DBD0022CD4D /* RegisterArchSubmission.app */,
				B99697A427EE0DBF0022CD4D /* RegisterArchSubmissionTests.xctest */,
				B99697AE27EE0DBF0022CD4D /* RegisterArchSubmissionUITests.xctest */,
			);
			name = Products;
			sourceTree = "<group>";
		};
		B996979027EE0DBD0022CD4D /* RegisterArchSubmission */ = {
			isa = PBXGroup;
			children = (
				B99697F327F35C130022CD4D /* Services */,
				B99697E127F2393B0022CD4D /* Router */,
				B99697D727F234250022CD4D /* Models */,
				B99697C127EF899F0022CD4D /* UI */,
				B9467B3227F3983800616133 /* Helpers */,
				B996979127EE0DBD0022CD4D /* AppDelegate.swift */,
				B996979327EE0DBD0022CD4D /* SceneDelegate.swift */,
				B996979A27EE0DBF0022CD4D /* Assets.xcassets */,
				B996979C27EE0DBF0022CD4D /* LaunchScreen.storyboard */,
				B996979F27EE0DBF0022CD4D /* Info.plist */,
			);
			path = RegisterArchSubmission;
			sourceTree = "<group>";
		};
		B99697A727EE0DBF0022CD4D /* RegisterArchSubmissionTests */ = {
			isa = PBXGroup;
			children = (
				B99697A827EE0DBF0022CD4D /* RegisterArchSubmissionTests.swift */,
			);
			path = RegisterArchSubmissionTests;
			sourceTree = "<group>";
		};
		B99697B127EE0DBF0022CD4D /* RegisterArchSubmissionUITests */ = {
			isa = PBXGroup;
			children = (
				B99697B227EE0DBF0022CD4D /* RegisterArchSubmissionUITests.swift */,
				B99697B427EE0DBF0022CD4D /* RegisterArchSubmissionUITestsLaunchTests.swift */,
			);
			path = RegisterArchSubmissionUITests;
			sourceTree = "<group>";
		};
		B99697C127EF899F0022CD4D /* UI */ = {
			isa = PBXGroup;
			children = (
				B9467B3E27F3AA0900616133 /* OrderSummary */,
				B99697CF27F202540022CD4D /* Menu */,
				B99697D027F202660022CD4D /* BillView */,
				B99697D127F202780022CD4D /* SplitViewContainer */,
				B99697C427EF8F180022CD4D /* TabBar */,
			);
			path = UI;
			sourceTree = "<group>";
		};
		B99697C427EF8F180022CD4D /* TabBar */ = {
			isa = PBXGroup;
			children = (
				B99697E427F23C830022CD4D /* TabBarRoute.swift */,
				B996979527EE0DBD0022CD4D /* TabController.swift */,
			);
			path = TabBar;
			sourceTree = "<group>";
		};
		B99697CF27F202540022CD4D /* Menu */ = {
			isa = PBXGroup;
			children = (
				B99697E627F23CF30022CD4D /* MenuRoute.swift */,
				B99697C627EF8FA10022CD4D /* MenuViewController.swift */,
				B99697D227F203260022CD4D /* MenuViewModel.swift */,
			);
			path = Menu;
			sourceTree = "<group>";
		};
		B99697D027F202660022CD4D /* BillView */ = {
			isa = PBXGroup;
			children = (
				B99697E827F2409C0022CD4D /* BillRoute.swift */,
				B99697C827EF8FC70022CD4D /* BillViewController.swift */,
				B99697EE27F25CE70022CD4D /* BillViewModel.swift */,
			);
			path = BillView;
			sourceTree = "<group>";
		};
		B99697D127F202780022CD4D /* SplitViewContainer */ = {
			isa = PBXGroup;
			children = (
				B99697EA27F2410C0022CD4D /* SplitViewContainerRoute.swift */,
				B99697CA27EF91BB0022CD4D /* SplitViewContainerViewController.swift */,
				B9467B3027F37DD100616133 /* SplitViewContainerViewModel.swift */,
			);
			path = SplitViewContainer;
			sourceTree = "<group>";
		};
		B99697D727F234250022CD4D /* Models */ = {
			isa = PBXGroup;
			children = (
				B99697D827F234E20022CD4D /* MenuItem.swift */,
				B9467B2E27F36F4400616133 /* BillItem.swift */,
			);
			path = Models;
			sourceTree = "<group>";
		};
		B99697E127F2393B0022CD4D /* Router */ = {
			isa = PBXGroup;
			children = (
				B99697DB27F237F70022CD4D /* RouteMapService.swift */,
				B99697DD27F238190022CD4D /* Route.swift */,
				B99697DF27F2387F0022CD4D /* RouteMap.swift */,
				B99697E227F2397F0022CD4D /* UIKitExtensions.swift */,
				B99697EC27F243A50022CD4D /* RouteFactory.swift */,
			);
			path = Router;
			sourceTree = "<group>";
		};
		B99697F327F35C130022CD4D /* Services */ = {
			isa = PBXGroup;
			children = (
				B99697F427F35C280022CD4D /* ItemService.swift */,
			);
			path = Services;
			sourceTree = "<group>";
		};
/* End PBXGroup section */

/* Begin PBXNativeTarget section */
		B996978D27EE0DBD0022CD4D /* RegisterArchSubmission */ = {
			isa = PBXNativeTarget;
			buildConfigurationList = B99697B827EE0DBF0022CD4D /* Build configuration list for PBXNativeTarget "RegisterArchSubmission" */;
			buildPhases = (
				B996978A27EE0DBD0022CD4D /* Sources */,
				B996978B27EE0DBD0022CD4D /* Frameworks */,
				B996978C27EE0DBD0022CD4D /* Resources */,
			);
			buildRules = (
			);
			dependencies = (
			);
			name = RegisterArchSubmission;
			productName = RegisterArchSubmission;
			productReference = B996978E27EE0DBD0022CD4D /* RegisterArchSubmission.app */;
			productType = "com.apple.product-type.application";
		};
		B99697A327EE0DBF0022CD4D /* RegisterArchSubmissionTests */ = {
			isa = PBXNativeTarget;
			buildConfigurationList = B99697BB27EE0DBF0022CD4D /* Build configuration list for PBXNativeTarget "RegisterArchSubmissionTests" */;
			buildPhases = (
				B99697A027EE0DBF0022CD4D /* Sources */,
				B99697A127EE0DBF0022CD4D /* Frameworks */,
				B99697A227EE0DBF0022CD4D /* Resources */,
			);
			buildRules = (
			);
			dependencies = (
				B99697A627EE0DBF0022CD4D /* PBXTargetDependency */,
			);
			name = RegisterArchSubmissionTests;
			productName = RegisterArchSubmissionTests;
			productReference = B99697A427EE0DBF0022CD4D /* RegisterArchSubmissionTests.xctest */;
			productType = "com.apple.product-type.bundle.unit-test";
		};
		B99697AD27EE0DBF0022CD4D /* RegisterArchSubmissionUITests */ = {
			isa = PBXNativeTarget;
			buildConfigurationList = B99697BE27EE0DBF0022CD4D /* Build configuration list for PBXNativeTarget "RegisterArchSubmissionUITests" */;
			buildPhases = (
				B99697AA27EE0DBF0022CD4D /* Sources */,
				B99697AB27EE0DBF0022CD4D /* Frameworks */,
				B99697AC27EE0DBF0022CD4D /* Resources */,
			);
			buildRules = (
			);
			dependencies = (
				B99697B027EE0DBF0022CD4D /* PBXTargetDependency */,
			);
			name = RegisterArchSubmissionUITests;
			productName = RegisterArchSubmissionUITests;
			productReference = B99697AE27EE0DBF0022CD4D /* RegisterArchSubmissionUITests.xctest */;
			productType = "com.apple.product-type.bundle.ui-testing";
		};
/* End PBXNativeTarget section */

/* Begin PBXProject section */
		B996978627EE0DBD0022CD4D /* Project object */ = {
			isa = PBXProject;
			attributes = {
				BuildIndependentTargetsInParallel = 1;
				LastSwiftUpdateCheck = 1310;
				LastUpgradeCheck = 1310;
				TargetAttributes = {
					B996978D27EE0DBD0022CD4D = {
						CreatedOnToolsVersion = 13.1;
					};
					B99697A327EE0DBF0022CD4D = {
						CreatedOnToolsVersion = 13.1;
						TestTargetID = B996978D27EE0DBD0022CD4D;
					};
					B99697AD27EE0DBF0022CD4D = {
						CreatedOnToolsVersion = 13.1;
						TestTargetID = B996978D27EE0DBD0022CD4D;
					};
				};
			};
			buildConfigurationList = B996978927EE0DBD0022CD4D /* Build configuration list for PBXProject "RegisterArchSubmission" */;
			compatibilityVersion = "Xcode 13.0";
			developmentRegion = en;
			hasScannedForEncodings = 0;
			knownRegions = (
				en,
				Base,
			);
			mainGroup = B996978527EE0DBD0022CD4D;
			productRefGroup = B996978F27EE0DBD0022CD4D /* Products */;
			projectDirPath = "";
			projectRoot = "";
			targets = (
				B996978D27EE0DBD0022CD4D /* RegisterArchSubmission */,
				B99697A327EE0DBF0022CD4D /* RegisterArchSubmissionTests */,
				B99697AD27EE0DBF0022CD4D /* RegisterArchSubmissionUITests */,
			);
		};
/* End PBXProject section */

/* Begin PBXResourcesBuildPhase section */
		B996978C27EE0DBD0022CD4D /* Resources */ = {
			isa = PBXResourcesBuildPhase;
			buildActionMask = 2147483647;
			files = (
				B996979E27EE0DBF0022CD4D /* LaunchScreen.storyboard in Resources */,
				B996979B27EE0DBF0022CD4D /* Assets.xcassets in Resources */,
			);
			runOnlyForDeploymentPostprocessing = 0;
		};
		B99697A227EE0DBF0022CD4D /* Resources */ = {
			isa = PBXResourcesBuildPhase;
			buildActionMask = 2147483647;
			files = (
			);
			runOnlyForDeploymentPostprocessing = 0;
		};
		B99697AC27EE0DBF0022CD4D /* Resources */ = {
			isa = PBXResourcesBuildPhase;
			buildActionMask = 2147483647;
			files = (
			);
			runOnlyForDeploymentPostprocessing = 0;
		};
/* End PBXResourcesBuildPhase section */

/* Begin PBXSourcesBuildPhase section */
		B996978A27EE0DBD0022CD4D /* Sources */ = {
			isa = PBXSourcesBuildPhase;
			buildActionMask = 2147483647;
			files = (
				B996979627EE0DBD0022CD4D /* TabController.swift in Sources */,
				B99697E327F2397F0022CD4D /* UIKitExtensions.swift in Sources */,
				B996979227EE0DBD0022CD4D /* AppDelegate.swift in Sources */,
				B9467B2F27F36F4400616133 /* BillItem.swift in Sources */,
				B99697CB27EF91BB0022CD4D /* SplitViewContainerViewController.swift in Sources */,
				B99697F527F35C280022CD4D /* ItemService.swift in Sources */,
				B9467B3127F37DD100616133 /* SplitViewContainerViewModel.swift in Sources */,
				B99697EB27F2410C0022CD4D /* SplitViewContainerRoute.swift in Sources */,
				B99697C927EF8FC70022CD4D /* BillViewController.swift in Sources */,
				B99697E027F2387F0022CD4D /* RouteMap.swift in Sources */,
				B9467B4427F3B0D800616133 /* OrderSummaryRoute.swift in Sources */,
				B99697ED27F243A50022CD4D /* RouteFactory.swift in Sources */,
				B9467B4027F3AA3C00616133 /* OrderSummaryViewController.swift in Sources */,
				B99697C727EF8FA10022CD4D /* MenuViewController.swift in Sources */,
				B99697E527F23C830022CD4D /* TabBarRoute.swift in Sources */,
				B996979427EE0DBD0022CD4D /* SceneDelegate.swift in Sources */,
				B99697EF27F25CE70022CD4D /* BillViewModel.swift in Sources */,
				B9467B3427F3985A00616133 /* Helpers.swift in Sources */,
				B99697E927F2409C0022CD4D /* BillRoute.swift in Sources */,
				B99697DE27F238190022CD4D /* Route.swift in Sources */,
				B99697E727F23CF30022CD4D /* MenuRoute.swift in Sources */,
				B9467B4227F3AB1300616133 /* OrderSummaryViewModel.swift in Sources */,
				B99697D327F203260022CD4D /* MenuViewModel.swift in Sources */,
				B99697DC27F237F70022CD4D /* RouteMapService.swift in Sources */,
				B99697D927F234E20022CD4D /* MenuItem.swift in Sources */,
			);
			runOnlyForDeploymentPostprocessing = 0;
		};
		B99697A027EE0DBF0022CD4D /* Sources */ = {
			isa = PBXSourcesBuildPhase;
			buildActionMask = 2147483647;
			files = (
				B99697A927EE0DBF0022CD4D /* RegisterArchSubmissionTests.swift in Sources */,
			);
			runOnlyForDeploymentPostprocessing = 0;
		};
		B99697AA27EE0DBF0022CD4D /* Sources */ = {
			isa = PBXSourcesBuildPhase;
			buildActionMask = 2147483647;
			files = (
				B99697B327EE0DBF0022CD4D /* RegisterArchSubmissionUITests.swift in Sources */,
				B99697B527EE0DBF0022CD4D /* RegisterArchSubmissionUITestsLaunchTests.swift in Sources */,
			);
			runOnlyForDeploymentPostprocessing = 0;
		};
/* End PBXSourcesBuildPhase section */

/* Begin PBXTargetDependency section */
		B99697A627EE0DBF0022CD4D /* PBXTargetDependency */ = {
			isa = PBXTargetDependency;
			target = B996978D27EE0DBD0022CD4D /* RegisterArchSubmission */;
			targetProxy = B99697A527EE0DBF0022CD4D /* PBXContainerItemProxy */;
		};
		B99697B027EE0DBF0022CD4D /* PBXTargetDependency */ = {
			isa = PBXTargetDependency;
			target = B996978D27EE0DBD0022CD4D /* RegisterArchSubmission */;
			targetProxy = B99697AF27EE0DBF0022CD4D /* PBXContainerItemProxy */;
		};
/* End PBXTargetDependency section */

/* Begin PBXVariantGroup section */
		B996979C27EE0DBF0022CD4D /* LaunchScreen.storyboard */ = {
			isa = PBXVariantGroup;
			children = (
				B996979D27EE0DBF0022CD4D /* Base */,
			);
			name = LaunchScreen.storyboard;
			sourceTree = "<group>";
		};
/* End PBXVariantGroup section */

/* Begin XCBuildConfiguration section */
		B99697B627EE0DBF0022CD4D /* Debug */ = {
			isa = XCBuildConfiguration;
			buildSettings = {
				ALWAYS_SEARCH_USER_PATHS = NO;
				CLANG_ANALYZER_NONNULL = YES;
				CLANG_ANALYZER_NUMBER_OBJECT_CONVERSION = YES_AGGRESSIVE;
				CLANG_CXX_LANGUAGE_STANDARD = "gnu++17";
				CLANG_CXX_LIBRARY = "libc++";
				CLANG_ENABLE_MODULES = YES;
				CLANG_ENABLE_OBJC_ARC = YES;
				CLANG_ENABLE_OBJC_WEAK = YES;
				CLANG_WARN_BLOCK_CAPTURE_AUTORELEASING = YES;
				CLANG_WARN_BOOL_CONVERSION = YES;
				CLANG_WARN_COMMA = YES;
				CLANG_WARN_CONSTANT_CONVERSION = YES;
				CLANG_WARN_DEPRECATED_OBJC_IMPLEMENTATIONS = YES;
				CLANG_WARN_DIRECT_OBJC_ISA_USAGE = YES_ERROR;
				CLANG_WARN_DOCUMENTATION_COMMENTS = YES;
				CLANG_WARN_EMPTY_BODY = YES;
				CLANG_WARN_ENUM_CONVERSION = YES;
				CLANG_WARN_INFINITE_RECURSION = YES;
				CLANG_WARN_INT_CONVERSION = YES;
				CLANG_WARN_NON_LITERAL_NULL_CONVERSION = YES;
				CLANG_WARN_OBJC_IMPLICIT_RETAIN_SELF = YES;
				CLANG_WARN_OBJC_LITERAL_CONVERSION = YES;
				CLANG_WARN_OBJC_ROOT_CLASS = YES_ERROR;
				CLANG_WARN_QUOTED_INCLUDE_IN_FRAMEWORK_HEADER = YES;
				CLANG_WARN_RANGE_LOOP_ANALYSIS = YES;
				CLANG_WARN_STRICT_PROTOTYPES = YES;
				CLANG_WARN_SUSPICIOUS_MOVE = YES;
				CLANG_WARN_UNGUARDED_AVAILABILITY = YES_AGGRESSIVE;
				CLANG_WARN_UNREACHABLE_CODE = YES;
				CLANG_WARN__DUPLICATE_METHOD_MATCH = YES;
				COPY_PHASE_STRIP = NO;
				DEBUG_INFORMATION_FORMAT = dwarf;
				ENABLE_STRICT_OBJC_MSGSEND = YES;
				ENABLE_TESTABILITY = YES;
				GCC_C_LANGUAGE_STANDARD = gnu11;
				GCC_DYNAMIC_NO_PIC = NO;
				GCC_NO_COMMON_BLOCKS = YES;
				GCC_OPTIMIZATION_LEVEL = 0;
				GCC_PREPROCESSOR_DEFINITIONS = (
					"DEBUG=1",
					"$(inherited)",
				);
				GCC_WARN_64_TO_32_BIT_CONVERSION = YES;
				GCC_WARN_ABOUT_RETURN_TYPE = YES_ERROR;
				GCC_WARN_UNDECLARED_SELECTOR = YES;
				GCC_WARN_UNINITIALIZED_AUTOS = YES_AGGRESSIVE;
				GCC_WARN_UNUSED_FUNCTION = YES;
				GCC_WARN_UNUSED_VARIABLE = YES;
				IPHONEOS_DEPLOYMENT_TARGET = 15.0;
				MTL_ENABLE_DEBUG_INFO = INCLUDE_SOURCE;
				MTL_FAST_MATH = YES;
				ONLY_ACTIVE_ARCH = YES;
				SDKROOT = iphoneos;
				SWIFT_ACTIVE_COMPILATION_CONDITIONS = DEBUG;
				SWIFT_OPTIMIZATION_LEVEL = "-Onone";
			};
			name = Debug;
		};
		B99697B727EE0DBF0022CD4D /* Release */ = {
			isa = XCBuildConfiguration;
			buildSettings = {
				ALWAYS_SEARCH_USER_PATHS = NO;
				CLANG_ANALYZER_NONNULL = YES;
				CLANG_ANALYZER_NUMBER_OBJECT_CONVERSION = YES_AGGRESSIVE;
				CLANG_CXX_LANGUAGE_STANDARD = "gnu++17";
				CLANG_CXX_LIBRARY = "libc++";
				CLANG_ENABLE_MODULES = YES;
				CLANG_ENABLE_OBJC_ARC = YES;
				CLANG_ENABLE_OBJC_WEAK = YES;
				CLANG_WARN_BLOCK_CAPTURE_AUTORELEASING = YES;
				CLANG_WARN_BOOL_CONVERSION = YES;
				CLANG_WARN_COMMA = YES;
				CLANG_WARN_CONSTANT_CONVERSION = YES;
				CLANG_WARN_DEPRECATED_OBJC_IMPLEMENTATIONS = YES;
				CLANG_WARN_DIRECT_OBJC_ISA_USAGE = YES_ERROR;
				CLANG_WARN_DOCUMENTATION_COMMENTS = YES;
				CLANG_WARN_EMPTY_BODY = YES;
				CLANG_WARN_ENUM_CONVERSION = YES;
				CLANG_WARN_INFINITE_RECURSION = YES;
				CLANG_WARN_INT_CONVERSION = YES;
				CLANG_WARN_NON_LITERAL_NULL_CONVERSION = YES;
				CLANG_WARN_OBJC_IMPLICIT_RETAIN_SELF = YES;
				CLANG_WARN_OBJC_LITERAL_CONVERSION = YES;
				CLANG_WARN_OBJC_ROOT_CLASS = YES_ERROR;
				CLANG_WARN_QUOTED_INCLUDE_IN_FRAMEWORK_HEADER = YES;
				CLANG_WARN_RANGE_LOOP_ANALYSIS = YES;
				CLANG_WARN_STRICT_PROTOTYPES = YES;
				CLANG_WARN_SUSPICIOUS_MOVE = YES;
				CLANG_WARN_UNGUARDED_AVAILABILITY = YES_AGGRESSIVE;
				CLANG_WARN_UNREACHABLE_CODE = YES;
				CLANG_WARN__DUPLICATE_METHOD_MATCH = YES;
				COPY_PHASE_STRIP = NO;
				DEBUG_INFORMATION_FORMAT = "dwarf-with-dsym";
				ENABLE_NS_ASSERTIONS = NO;
				ENABLE_STRICT_OBJC_MSGSEND = YES;
				GCC_C_LANGUAGE_STANDARD = gnu11;
				GCC_NO_COMMON_BLOCKS = YES;
				GCC_WARN_64_TO_32_BIT_CONVERSION = YES;
				GCC_WARN_ABOUT_RETURN_TYPE = YES_ERROR;
				GCC_WARN_UNDECLARED_SELECTOR = YES;
				GCC_WARN_UNINITIALIZED_AUTOS = YES_AGGRESSIVE;
				GCC_WARN_UNUSED_FUNCTION = YES;
				GCC_WARN_UNUSED_VARIABLE = YES;
				IPHONEOS_DEPLOYMENT_TARGET = 15.0;
				MTL_ENABLE_DEBUG_INFO = NO;
				MTL_FAST_MATH = YES;
				SDKROOT = iphoneos;
				SWIFT_COMPILATION_MODE = wholemodule;
				SWIFT_OPTIMIZATION_LEVEL = "-O";
				VALIDATE_PRODUCT = YES;
			};
			name = Release;
		};
		B99697B927EE0DBF0022CD4D /* Debug */ = {
			isa = XCBuildConfiguration;
			buildSettings = {
				ASSETCATALOG_COMPILER_APPICON_NAME = AppIcon;
				ASSETCATALOG_COMPILER_GLOBAL_ACCENT_COLOR_NAME = AccentColor;
				CODE_SIGN_STYLE = Automatic;
				CURRENT_PROJECT_VERSION = 1;
				DEVELOPMENT_TEAM = Y223BHAF53;
				GENERATE_INFOPLIST_FILE = YES;
				INFOPLIST_FILE = RegisterArchSubmission/Info.plist;
				INFOPLIST_KEY_UIApplicationSupportsIndirectInputEvents = YES;
				INFOPLIST_KEY_UILaunchStoryboardName = LaunchScreen;
				INFOPLIST_KEY_UISupportedInterfaceOrientations_iPad = "UIInterfaceOrientationPortrait UIInterfaceOrientationPortraitUpsideDown UIInterfaceOrientationLandscapeLeft UIInterfaceOrientationLandscapeRight";
				INFOPLIST_KEY_UISupportedInterfaceOrientations_iPhone = "UIInterfaceOrientationPortrait UIInterfaceOrientationLandscapeLeft UIInterfaceOrientationLandscapeRight";
				LD_RUNPATH_SEARCH_PATHS = (
					"$(inherited)",
					"@executable_path/Frameworks",
				);
				MARKETING_VERSION = 1.0;
				PRODUCT_BUNDLE_IDENTIFIER = com.slicelife.RegisterArchSubmission;
				PRODUCT_NAME = "$(TARGET_NAME)";
				SWIFT_EMIT_LOC_STRINGS = YES;
				SWIFT_VERSION = 5.0;
				TARGETED_DEVICE_FAMILY = "1,2";
			};
			name = Debug;
		};
		B99697BA27EE0DBF0022CD4D /* Release */ = {
			isa = XCBuildConfiguration;
			buildSettings = {
				ASSETCATALOG_COMPILER_APPICON_NAME = AppIcon;
				ASSETCATALOG_COMPILER_GLOBAL_ACCENT_COLOR_NAME = AccentColor;
				CODE_SIGN_STYLE = Automatic;
				CURRENT_PROJECT_VERSION = 1;
				DEVELOPMENT_TEAM = Y223BHAF53;
				GENERATE_INFOPLIST_FILE = YES;
				INFOPLIST_FILE = RegisterArchSubmission/Info.plist;
				INFOPLIST_KEY_UIApplicationSupportsIndirectInputEvents = YES;
				INFOPLIST_KEY_UILaunchStoryboardName = LaunchScreen;
				INFOPLIST_KEY_UISupportedInterfaceOrientations_iPad = "UIInterfaceOrientationPortrait UIInterfaceOrientationPortraitUpsideDown UIInterfaceOrientationLandscapeLeft UIInterfaceOrientationLandscapeRight";
				INFOPLIST_KEY_UISupportedInterfaceOrientations_iPhone = "UIInterfaceOrientationPortrait UIInterfaceOrientationLandscapeLeft UIInterfaceOrientationLandscapeRight";
				LD_RUNPATH_SEARCH_PATHS = (
					"$(inherited)",
					"@executable_path/Frameworks",
				);
				MARKETING_VERSION = 1.0;
				PRODUCT_BUNDLE_IDENTIFIER = com.slicelife.RegisterArchSubmission;
				PRODUCT_NAME = "$(TARGET_NAME)";
				SWIFT_EMIT_LOC_STRINGS = YES;
				SWIFT_VERSION = 5.0;
				TARGETED_DEVICE_FAMILY = "1,2";
			};
			name = Release;
		};
		B99697BC27EE0DBF0022CD4D /* Debug */ = {
			isa = XCBuildConfiguration;
			buildSettings = {
				ALWAYS_EMBED_SWIFT_STANDARD_LIBRARIES = YES;
				BUNDLE_LOADER = "$(TEST_HOST)";
				CODE_SIGN_STYLE = Automatic;
				CURRENT_PROJECT_VERSION = 1;
				DEVELOPMENT_TEAM = Y223BHAF53;
				GENERATE_INFOPLIST_FILE = YES;
				IPHONEOS_DEPLOYMENT_TARGET = 15.0;
				LD_RUNPATH_SEARCH_PATHS = (
					"$(inherited)",
					"@executable_path/Frameworks",
					"@loader_path/Frameworks",
				);
				MARKETING_VERSION = 1.0;
				PRODUCT_BUNDLE_IDENTIFIER = com.slicelife.RegisterArchSubmissionTests;
				PRODUCT_NAME = "$(TARGET_NAME)";
				SWIFT_EMIT_LOC_STRINGS = NO;
				SWIFT_VERSION = 5.0;
				TARGETED_DEVICE_FAMILY = "1,2";
				TEST_HOST = "$(BUILT_PRODUCTS_DIR)/RegisterArchSubmission.app/RegisterArchSubmission";
			};
			name = Debug;
		};
		B99697BD27EE0DBF0022CD4D /* Release */ = {
			isa = XCBuildConfiguration;
			buildSettings = {
				ALWAYS_EMBED_SWIFT_STANDARD_LIBRARIES = YES;
				BUNDLE_LOADER = "$(TEST_HOST)";
				CODE_SIGN_STYLE = Automatic;
				CURRENT_PROJECT_VERSION = 1;
				DEVELOPMENT_TEAM = Y223BHAF53;
				GENERATE_INFOPLIST_FILE = YES;
				IPHONEOS_DEPLOYMENT_TARGET = 15.0;
				LD_RUNPATH_SEARCH_PATHS = (
					"$(inherited)",
					"@executable_path/Frameworks",
					"@loader_path/Frameworks",
				);
				MARKETING_VERSION = 1.0;
				PRODUCT_BUNDLE_IDENTIFIER = com.slicelife.RegisterArchSubmissionTests;
				PRODUCT_NAME = "$(TARGET_NAME)";
				SWIFT_EMIT_LOC_STRINGS = NO;
				SWIFT_VERSION = 5.0;
				TARGETED_DEVICE_FAMILY = "1,2";
				TEST_HOST = "$(BUILT_PRODUCTS_DIR)/RegisterArchSubmission.app/RegisterArchSubmission";
			};
			name = Release;
		};
		B99697BF27EE0DBF0022CD4D /* Debug */ = {
			isa = XCBuildConfiguration;
			buildSettings = {
				ALWAYS_EMBED_SWIFT_STANDARD_LIBRARIES = YES;
				CODE_SIGN_STYLE = Automatic;
				CURRENT_PROJECT_VERSION = 1;
				DEVELOPMENT_TEAM = Y223BHAF53;
				GENERATE_INFOPLIST_FILE = YES;
				LD_RUNPATH_SEARCH_PATHS = (
					"$(inherited)",
					"@executable_path/Frameworks",
					"@loader_path/Frameworks",
				);
				MARKETING_VERSION = 1.0;
				PRODUCT_BUNDLE_IDENTIFIER = com.slicelife.RegisterArchSubmissionUITests;
				PRODUCT_NAME = "$(TARGET_NAME)";
				SWIFT_EMIT_LOC_STRINGS = NO;
				SWIFT_VERSION = 5.0;
				TARGETED_DEVICE_FAMILY = "1,2";
				TEST_TARGET_NAME = RegisterArchSubmission;
			};
			name = Debug;
		};
		B99697C027EE0DBF0022CD4D /* Release */ = {
			isa = XCBuildConfiguration;
			buildSettings = {
				ALWAYS_EMBED_SWIFT_STANDARD_LIBRARIES = YES;
				CODE_SIGN_STYLE = Automatic;
				CURRENT_PROJECT_VERSION = 1;
				DEVELOPMENT_TEAM = Y223BHAF53;
				GENERATE_INFOPLIST_FILE = YES;
				LD_RUNPATH_SEARCH_PATHS = (
					"$(inherited)",
					"@executable_path/Frameworks",
					"@loader_path/Frameworks",
				);
				MARKETING_VERSION = 1.0;
				PRODUCT_BUNDLE_IDENTIFIER = com.slicelife.RegisterArchSubmissionUITests;
				PRODUCT_NAME = "$(TARGET_NAME)";
				SWIFT_EMIT_LOC_STRINGS = NO;
				SWIFT_VERSION = 5.0;
				TARGETED_DEVICE_FAMILY = "1,2";
				TEST_TARGET_NAME = RegisterArchSubmission;
			};
			name = Release;
		};
/* End XCBuildConfiguration section */

/* Begin XCConfigurationList section */
		B996978927EE0DBD0022CD4D /* Build configuration list for PBXProject "RegisterArchSubmission" */ = {
			isa = XCConfigurationList;
			buildConfigurations = (
				B99697B627EE0DBF0022CD4D /* Debug */,
				B99697B727EE0DBF0022CD4D /* Release */,
			);
			defaultConfigurationIsVisible = 0;
			defaultConfigurationName = Release;
		};
		B99697B827EE0DBF0022CD4D /* Build configuration list for PBXNativeTarget "RegisterArchSubmission" */ = {
			isa = XCConfigurationList;
			buildConfigurations = (
				B99697B927EE0DBF0022CD4D /* Debug */,
				B99697BA27EE0DBF0022CD4D /* Release */,
			);
			defaultConfigurationIsVisible = 0;
			defaultConfigurationName = Release;
		};
		B99697BB27EE0DBF0022CD4D /* Build configuration list for PBXNativeTarget "RegisterArchSubmissionTests" */ = {
			isa = XCConfigurationList;
			buildConfigurations = (
				B99697BC27EE0DBF0022CD4D /* Debug */,
				B99697BD27EE0DBF0022CD4D /* Release */,
			);
			defaultConfigurationIsVisible = 0;
			defaultConfigurationName = Release;
		};
		B99697BE27EE0DBF0022CD4D /* Build configuration list for PBXNativeTarget "RegisterArchSubmissionUITests" */ = {
			isa = XCConfigurationList;
			buildConfigurations = (
				B99697BF27EE0DBF0022CD4D /* Debug */,
				B99697C027EE0DBF0022CD4D /* Release */,
			);
			defaultConfigurationIsVisible = 0;
			defaultConfigurationName = Release;
		};
/* End XCConfigurationList section */
	};
	rootObject = B996978627EE0DBD0022CD4D /* Project object */;
}
