// !$*UTF8*$!
{
	archiveVersion = 1;
	classes = {
	};
	objectVersion = 55;
	objects = {

/* Begin PBXBuildFile section */
		B996979227EE0DBD0022CD4D /* AppDelegate.swift in Sources */ = {isa = PBXBuildFile; fileRef = B996979127EE0DBD0022CD4D /* AppDelegate.swift */; };
		B996979427EE0DBD0022CD4D /* SceneDelegate.swift in Sources */ = {isa = PBXBuildFile; fileRef = B996979327EE0DBD0022CD4D /* SceneDelegate.swift */; };
		B996979627EE0DBD0022CD4D /* ViewController.swift in Sources */ = {isa = PBXBuildFile; fileRef = B996979527EE0DBD0022CD4D /* ViewController.swift */; };
		B996979927EE0DBD0022CD4D /* Main.storyboard in Resources */ = {isa = PBXBuildFile; fileRef = B996979727EE0DBD0022CD4D /* Main.storyboard */; };
		B996979B27EE0DBF0022CD4D /* Assets.xcassets in Resources */ = {isa = PBXBuildFile; fileRef = B996979A27EE0DBF0022CD4D /* Assets.xcassets */; };
		B996979E27EE0DBF0022CD4D /* LaunchScreen.storyboard in Resources */ = {isa = PBXBuildFile; fileRef = B996979C27EE0DBF0022CD4D /* LaunchScreen.storyboard */; };
		B99697A927EE0DBF0022CD4D /* RegisterArchSubmissionTests.swift in Sources */ = {isa = PBXBuildFile; fileRef = B99697A827EE0DBF0022CD4D /* RegisterArchSubmissionTests.swift */; };
		B99697B327EE0DBF0022CD4D /* RegisterArchSubmissionUITests.swift in Sources */ = {isa = PBXBuildFile; fileRef = B99697B227EE0DBF0022CD4D /* RegisterArchSubmissionUITests.swift */; };
		B99697B527EE0DBF0022CD4D /* RegisterArchSubmissionUITestsLaunchTests.swift in Sources */ = {isa = PBXBuildFile; fileRef = B99697B427EE0DBF0022CD4D /* RegisterArchSubmissionUITestsLaunchTests.swift */; };
/* End PBXBuildFile section */

/* Begin PBXContainerItemProxy section */
		B99697A527EE0DBF0022CD4D /* PBXContainerItemProxy */ = {
			isa = PBXContainerItemProxy;
			containerPortal = B996978627EE0DBD0022CD4D /* Project object */;
			proxyType = 1;
			remoteGlobalIDString = B996978D27EE0DBD0022CD4D;
			remoteInfo = RegisterArchSubmission;
		};
		B99697AF27EE0DBF0022CD4D /* PBXContainerItemProxy */ = {
			isa = PBXContainerItemProxy;
			containerPortal = B996978627EE0DBD0022CD4D /* Project object */;
			proxyType = 1;
			remoteGlobalIDString = B996978D27EE0DBD0022CD4D;
			remoteInfo = RegisterArchSubmission;
		};
/* End PBXContainerItemProxy section */

/* Begin PBXFileReference section */
		B996978E27EE0DBD0022CD4D /* RegisterArchSubmission.app */ = {isa = PBXFileReference; explicitFileType = wrapper.application; includeInIndex = 0; path = RegisterArchSubmission.app; sourceTree = BUILT_PRODUCTS_DIR; };
		B996979127EE0DBD0022CD4D /* AppDelegate.swift */ = {isa = PBXFileReference; lastKnownFileType = sourcecode.swift; path = AppDelegate.swift; sourceTree = "<group>"; };
		B996979327EE0DBD0022CD4D /* SceneDelegate.swift */ = {isa = PBXFileReference; lastKnownFileType = sourcecode.swift; path = SceneDelegate.swift; sourceTree = "<group>"; };
		B996979527EE0DBD0022CD4D /* ViewController.swift */ = {isa = PBXFileReference; lastKnownFileType = sourcecode.swift; path = ViewController.swift; sourceTree = "<group>"; };
		B996979827EE0DBD0022CD4D /* Base */ = {isa = PBXFileReference; lastKnownFileType = file.storyboard; name = Base; path = Base.lproj/Main.storyboard; sourceTree = "<group>"; };
		B996979A27EE0DBF0022CD4D /* Assets.xcassets */ = {isa = PBXFileReference; lastKnownFileType = folder.assetcatalog; path = Assets.xcassets; sourceTree = "<group>"; };
		B996979D27EE0DBF0022CD4D /* Base */ = {isa = PBXFileReference; lastKnownFileType = file.storyboard; name = Base; path = Base.lproj/LaunchScreen.storyboard; sourceTree = "<group>"; };
		B996979F27EE0DBF0022CD4D /* Info.plist */ = {isa = PBXFileReference; lastKnownFileType = text.plist.xml; path = Info.plist; sourceTree = "<group>"; };
		B99697A427EE0DBF0022CD4D /* RegisterArchSubmissionTests.xctest */ = {isa = PBXFileReference; explicitFileType = wrapper.cfbundle; includeInIndex = 0; path = RegisterArchSubmissionTests.xctest; sourceTree = BUILT_PRODUCTS_DIR; };
		B99697A827EE0DBF0022CD4D /* RegisterArchSubmissionTests.swift */ = {isa = PBXFileReference; lastKnownFileType = sourcecode.swift; path = RegisterArchSubmissionTests.swift; sourceTree = "<group>"; };
		B99697AE27EE0DBF0022CD4D /* RegisterArchSubmissionUITests.xctest */ = {isa = PBXFileReference; explicitFileType = wrapper.cfbundle; includeInIndex = 0; path = RegisterArchSubmissionUITests.xctest; sourceTree = BUILT_PRODUCTS_DIR; };
		B99697B227EE0DBF0022CD4D /* RegisterArchSubmissionUITests.swift */ = {isa = PBXFileReference; lastKnownFileType = sourcecode.swift; path = RegisterArchSubmissionUITests.swift; sourceTree = "<group>"; };
		B99697B427EE0DBF0022CD4D /* RegisterArchSubmissionUITestsLaunchTests.swift */ = {isa = PBXFileReference; lastKnownFileType = sourcecode.swift; path = RegisterArchSubmissionUITestsLaunchTests.swift; sourceTree = "<group>"; };
/* End PBXFileReference section */

/* Begin PBXFrameworksBuildPhase section */
		B996978B27EE0DBD0022CD4D /* Frameworks */ = {
			isa = PBXFrameworksBuildPhase;
			buildActionMask = 2147483647;
			files = (
			);
			runOnlyForDeploymentPostprocessing = 0;
		};
		B99697A127EE0DBF0022CD4D /* Frameworks */ = {
			isa = PBXFrameworksBuildPhase;
			buildActionMask = 2147483647;
			files = (
			);
			runOnlyForDeploymentPostprocessing = 0;
		};
		B99697AB27EE0DBF0022CD4D /* Frameworks */ = {
			isa = PBXFrameworksBuildPhase;
			buildActionMask = 2147483647;
			files = (
			);
			runOnlyForDeploymentPostprocessing = 0;
		};
/* End PBXFrameworksBuildPhase section */

/* Begin PBXGroup section */
		B996978527EE0DBD0022CD4D = {
			isa = PBXGroup;
			children = (
				B996979027EE0DBD0022CD4D /* RegisterArchSubmission */,
				B99697A727EE0DBF0022CD4D /* RegisterArchSubmissionTests */,
				B99697B127EE0DBF0022CD4D /* RegisterArchSubmissionUITests */,
				B996978F27EE0DBD0022CD4D /* Products */,
			);
			sourceTree = "<group>";
		};
		B996978F27EE0DBD0022CD4D /* Products */ = {
			isa = PBXGroup;
			children = (
				B996978E27EE0DBD0022CD4D /* RegisterArchSubmission.app */,
				B99697A427EE0DBF0022CD4D /* RegisterArchSubmissionTests.xctest */,
				B99697AE27EE0DBF0022CD4D /* RegisterArchSubmissionUITests.xctest */,
			);
			name = Products;
			sourceTree = "<group>";
		};
		B996979027EE0DBD0022CD4D /* RegisterArchSubmission */ = {
			isa = PBXGroup;
			children = (
				B996979127EE0DBD0022CD4D /* AppDelegate.swift */,
				B996979327EE0DBD0022CD4D /* SceneDelegate.swift */,
				B996979527EE0DBD0022CD4D /* ViewController.swift */,
				B996979727EE0DBD0022CD4D /* Main.storyboard */,
				B996979A27EE0DBF0022CD4D /* Assets.xcassets */,
				B996979C27EE0DBF0022CD4D /* LaunchScreen.storyboard */,
				B996979F27EE0DBF0022CD4D /* Info.plist */,
			);
			path = RegisterArchSubmission;
			sourceTree = "<group>";
		};
		B99697A727EE0DBF0022CD4D /* RegisterArchSubmissionTests */ = {
			isa = PBXGroup;
			children = (
				B99697A827EE0DBF0022CD4D /* RegisterArchSubmissionTests.swift */,
			);
			path = RegisterArchSubmissionTests;
			sourceTree = "<group>";
		};
		B99697B127EE0DBF0022CD4D /* RegisterArchSubmissionUITests */ = {
			isa = PBXGroup;
			children = (
				B99697B227EE0DBF0022CD4D /* RegisterArchSubmissionUITests.swift */,
				B99697B427EE0DBF0022CD4D /* RegisterArchSubmissionUITestsLaunchTests.swift */,
			);
			path = RegisterArchSubmissionUITests;
			sourceTree = "<group>";
		};
/* End PBXGroup section */

/* Begin PBXNativeTarget section */
		B996978D27EE0DBD0022CD4D /* RegisterArchSubmission */ = {
			isa = PBXNativeTarget;
			buildConfigurationList = B99697B827EE0DBF0022CD4D /* Build configuration list for PBXNativeTarget "RegisterArchSubmission" */;
			buildPhases = (
				B996978A27EE0DBD0022CD4D /* Sources */,
				B996978B27EE0DBD0022CD4D /* Frameworks */,
				B996978C27EE0DBD0022CD4D /* Resources */,
			);
			buildRules = (
			);
			dependencies = (
			);
			name = RegisterArchSubmission;
			productName = RegisterArchSubmission;
			productReference = B996978E27EE0DBD0022CD4D /* RegisterArchSubmission.app */;
			productType = "com.apple.product-type.application";
		};
		B99697A327EE0DBF0022CD4D /* RegisterArchSubmissionTests */ = {
			isa = PBXNativeTarget;
			buildConfigurationList = B99697BB27EE0DBF0022CD4D /* Build configuration list for PBXNativeTarget "RegisterArchSubmissionTests" */;
			buildPhases = (
				B99697A027EE0DBF0022CD4D /* Sources */,
				B99697A127EE0DBF0022CD4D /* Frameworks */,
				B99697A227EE0DBF0022CD4D /* Resources */,
			);
			buildRules = (
			);
			dependencies = (
				B99697A627EE0DBF0022CD4D /* PBXTargetDependency */,
			);
			name = RegisterArchSubmissionTests;
			productName = RegisterArchSubmissionTests;
			productReference = B99697A427EE0DBF0022CD4D /* RegisterArchSubmissionTests.xctest */;
			productType = "com.apple.product-type.bundle.unit-test";
		};
		B99697AD27EE0DBF0022CD4D /* RegisterArchSubmissionUITests */ = {
			isa = PBXNativeTarget;
			buildConfigurationList = B99697BE27EE0DBF0022CD4D /* Build configuration list for PBXNativeTarget "RegisterArchSubmissionUITests" */;
			buildPhases = (
				B99697AA27EE0DBF0022CD4D /* Sources */,
				B99697AB27EE0DBF0022CD4D /* Frameworks */,
				B99697AC27EE0DBF0022CD4D /* Resources */,
			);
			buildRules = (
			);
			dependencies = (
				B99697B027EE0DBF0022CD4D /* PBXTargetDependency */,
			);
			name = RegisterArchSubmissionUITests;
			productName = RegisterArchSubmissionUITests;
			productReference = B99697AE27EE0DBF0022CD4D /* RegisterArchSubmissionUITests.xctest */;
			productType = "com.apple.product-type.bundle.ui-testing";
		};
/* End PBXNativeTarget section */

/* Begin PBXProject section */
		B996978627EE0DBD0022CD4D /* Project object */ = {
			isa = PBXProject;
			attributes = {
				BuildIndependentTargetsInParallel = 1;
				LastSwiftUpdateCheck = 1310;
				LastUpgradeCheck = 1310;
				TargetAttributes = {
					B996978D27EE0DBD0022CD4D = {
						CreatedOnToolsVersion = 13.1;
					};
					B99697A327EE0DBF0022CD4D = {
						CreatedOnToolsVersion = 13.1;
						TestTargetID = B996978D27EE0DBD0022CD4D;
					};
					B99697AD27EE0DBF0022CD4D = {
						CreatedOnToolsVersion = 13.1;
						TestTargetID = B996978D27EE0DBD0022CD4D;
					};
				};
			};
			buildConfigurationList = B996978927EE0DBD0022CD4D /* Build configuration list for PBXProject "RegisterArchSubmission" */;
			compatibilityVersion = "Xcode 13.0";
			developmentRegion = en;
			hasScannedForEncodings = 0;
			knownRegions = (
				en,
				Base,
			);
			mainGroup = B996978527EE0DBD0022CD4D;
			productRefGroup = B996978F27EE0DBD0022CD4D /* Products */;
			projectDirPath = "";
			projectRoot = "";
			targets = (
				B996978D27EE0DBD0022CD4D /* RegisterArchSubmission */,
				B99697A327EE0DBF0022CD4D /* RegisterArchSubmissionTests */,
				B99697AD27EE0DBF0022CD4D /* RegisterArchSubmissionUITests */,
			);
		};
/* End PBXProject section */

/* Begin PBXResourcesBuildPhase section */
		B996978C27EE0DBD0022CD4D /* Resources */ = {
			isa = PBXResourcesBuildPhase;
			buildActionMask = 2147483647;
			files = (
				B996979E27EE0DBF0022CD4D /* LaunchScreen.storyboard in Resources */,
				B996979B27EE0DBF0022CD4D /* Assets.xcassets in Resources */,
				B996979927EE0DBD0022CD4D /* Main.storyboard in Resources */,
			);
			runOnlyForDeploymentPostprocessing = 0;
		};
		B99697A227EE0DBF0022CD4D /* Resources */ = {
			isa = PBXResourcesBuildPhase;
			buildActionMask = 2147483647;
			files = (
			);
			runOnlyForDeploymentPostprocessing = 0;
		};
		B99697AC27EE0DBF0022CD4D /* Resources */ = {
			isa = PBXResourcesBuildPhase;
			buildActionMask = 2147483647;
			files = (
			);
			runOnlyForDeploymentPostprocessing = 0;
		};
/* End PBXResourcesBuildPhase section */

/* Begin PBXSourcesBuildPhase section */
		B996978A27EE0DBD0022CD4D /* Sources */ = {
			isa = PBXSourcesBuildPhase;
			buildActionMask = 2147483647;
			files = (
				B996979627EE0DBD0022CD4D /* ViewController.swift in Sources */,
				B996979227EE0DBD0022CD4D /* AppDelegate.swift in Sources */,
				B996979427EE0DBD0022CD4D /* SceneDelegate.swift in Sources */,
			);
			runOnlyForDeploymentPostprocessing = 0;
		};
		B99697A027EE0DBF0022CD4D /* Sources */ = {
			isa = PBXSourcesBuildPhase;
			buildActionMask = 2147483647;
			files = (
				B99697A927EE0DBF0022CD4D /* RegisterArchSubmissionTests.swift in Sources */,
			);
			runOnlyForDeploymentPostprocessing = 0;
		};
		B99697AA27EE0DBF0022CD4D /* Sources */ = {
			isa = PBXSourcesBuildPhase;
			buildActionMask = 2147483647;
			files = (
				B99697B327EE0DBF0022CD4D /* RegisterArchSubmissionUITests.swift in Sources */,
				B99697B527EE0DBF0022CD4D /* RegisterArchSubmissionUITestsLaunchTests.swift in Sources */,
			);
			runOnlyForDeploymentPostprocessing = 0;
		};
/* End PBXSourcesBuildPhase section */

/* Begin PBXTargetDependency section */
		B99697A627EE0DBF0022CD4D /* PBXTargetDependency */ = {
			isa = PBXTargetDependency;
			target = B996978D27EE0DBD0022CD4D /* RegisterArchSubmission */;
			targetProxy = B99697A527EE0DBF0022CD4D /* PBXContainerItemProxy */;
		};
		B99697B027EE0DBF0022CD4D /* PBXTargetDependency */ = {
			isa = PBXTargetDependency;
			target = B996978D27EE0DBD0022CD4D /* RegisterArchSubmission */;
			targetProxy = B99697AF27EE0DBF0022CD4D /* PBXContainerItemProxy */;
		};
/* End PBXTargetDependency section */

/* Begin PBXVariantGroup section */
		B996979727EE0DBD0022CD4D /* Main.storyboard */ = {
			isa = PBXVariantGroup;
			children = (
				B996979827EE0DBD0022CD4D /* Base */,
			);
			name = Main.storyboard;
			sourceTree = "<group>";
		};
		B996979C27EE0DBF0022CD4D /* LaunchScreen.storyboard */ = {
			isa = PBXVariantGroup;
			children = (
				B996979D27EE0DBF0022CD4D /* Base */,
			);
			name = LaunchScreen.storyboard;
			sourceTree = "<group>";
		};
/* End PBXVariantGroup section */

/* Begin XCBuildConfiguration section */
		B99697B627EE0DBF0022CD4D /* Debug */ = {
			isa = XCBuildConfiguration;
			buildSettings = {
				ALWAYS_SEARCH_USER_PATHS = NO;
				CLANG_ANALYZER_NONNULL = YES;
				CLANG_ANALYZER_NUMBER_OBJECT_CONVERSION = YES_AGGRESSIVE;
				CLANG_CXX_LANGUAGE_STANDARD = "gnu++17";
				CLANG_CXX_LIBRARY = "libc++";
				CLANG_ENABLE_MODULES = YES;
				CLANG_ENABLE_OBJC_ARC = YES;
				CLANG_ENABLE_OBJC_WEAK = YES;
				CLANG_WARN_BLOCK_CAPTURE_AUTORELEASING = YES;
				CLANG_WARN_BOOL_CONVERSION = YES;
				CLANG_WARN_COMMA = YES;
				CLANG_WARN_CONSTANT_CONVERSION = YES;
				CLANG_WARN_DEPRECATED_OBJC_IMPLEMENTATIONS = YES;
				CLANG_WARN_DIRECT_OBJC_ISA_USAGE = YES_ERROR;
				CLANG_WARN_DOCUMENTATION_COMMENTS = YES;
				CLANG_WARN_EMPTY_BODY = YES;
				CLANG_WARN_ENUM_CONVERSION = YES;
				CLANG_WARN_INFINITE_RECURSION = YES;
				CLANG_WARN_INT_CONVERSION = YES;
				CLANG_WARN_NON_LITERAL_NULL_CONVERSION = YES;
				CLANG_WARN_OBJC_IMPLICIT_RETAIN_SELF = YES;
				CLANG_WARN_OBJC_LITERAL_CONVERSION = YES;
				CLANG_WARN_OBJC_ROOT_CLASS = YES_ERROR;
				CLANG_WARN_QUOTED_INCLUDE_IN_FRAMEWORK_HEADER = YES;
				CLANG_WARN_RANGE_LOOP_ANALYSIS = YES;
				CLANG_WARN_STRICT_PROTOTYPES = YES;
				CLANG_WARN_SUSPICIOUS_MOVE = YES;
				CLANG_WARN_UNGUARDED_AVAILABILITY = YES_AGGRESSIVE;
				CLANG_WARN_UNREACHABLE_CODE = YES;
				CLANG_WARN__DUPLICATE_METHOD_MATCH = YES;
				COPY_PHASE_STRIP = NO;
				DEBUG_INFORMATION_FORMAT = dwarf;
				ENABLE_STRICT_OBJC_MSGSEND = YES;
				ENABLE_TESTABILITY = YES;
				GCC_C_LANGUAGE_STANDARD = gnu11;
				GCC_DYNAMIC_NO_PIC = NO;
				GCC_NO_COMMON_BLOCKS = YES;
				GCC_OPTIMIZATION_LEVEL = 0;
				GCC_PREPROCESSOR_DEFINITIONS = (
					"DEBUG=1",
					"$(inherited)",
				);
				GCC_WARN_64_TO_32_BIT_CONVERSION = YES;
				GCC_WARN_ABOUT_RETURN_TYPE = YES_ERROR;
				GCC_WARN_UNDECLARED_SELECTOR = YES;
				GCC_WARN_UNINITIALIZED_AUTOS = YES_AGGRESSIVE;
				GCC_WARN_UNUSED_FUNCTION = YES;
				GCC_WARN_UNUSED_VARIABLE = YES;
				IPHONEOS_DEPLOYMENT_TARGET = 15.0;
				MTL_ENABLE_DEBUG_INFO = INCLUDE_SOURCE;
				MTL_FAST_MATH = YES;
				ONLY_ACTIVE_ARCH = YES;
				SDKROOT = iphoneos;
				SWIFT_ACTIVE_COMPILATION_CONDITIONS = DEBUG;
				SWIFT_OPTIMIZATION_LEVEL = "-Onone";
			};
			name = Debug;
		};
		B99697B727EE0DBF0022CD4D /* Release */ = {
			isa = XCBuildConfiguration;
			buildSettings = {
				ALWAYS_SEARCH_USER_PATHS = NO;
				CLANG_ANALYZER_NONNULL = YES;
				CLANG_ANALYZER_NUMBER_OBJECT_CONVERSION = YES_AGGRESSIVE;
				CLANG_CXX_LANGUAGE_STANDARD = "gnu++17";
				CLANG_CXX_LIBRARY = "libc++";
				CLANG_ENABLE_MODULES = YES;
				CLANG_ENABLE_OBJC_ARC = YES;
				CLANG_ENABLE_OBJC_WEAK = YES;
				CLANG_WARN_BLOCK_CAPTURE_AUTORELEASING = YES;
				CLANG_WARN_BOOL_CONVERSION = YES;
				CLANG_WARN_COMMA = YES;
				CLANG_WARN_CONSTANT_CONVERSION = YES;
				CLANG_WARN_DEPRECATED_OBJC_IMPLEMENTATIONS = YES;
				CLANG_WARN_DIRECT_OBJC_ISA_USAGE = YES_ERROR;
				CLANG_WARN_DOCUMENTATION_COMMENTS = YES;
				CLANG_WARN_EMPTY_BODY = YES;
				CLANG_WARN_ENUM_CONVERSION = YES;
				CLANG_WARN_INFINITE_RECURSION = YES;
				CLANG_WARN_INT_CONVERSION = YES;
				CLANG_WARN_NON_LITERAL_NULL_CONVERSION = YES;
				CLANG_WARN_OBJC_IMPLICIT_RETAIN_SELF = YES;
				CLANG_WARN_OBJC_LITERAL_CONVERSION = YES;
				CLANG_WARN_OBJC_ROOT_CLASS = YES_ERROR;
				CLANG_WARN_QUOTED_INCLUDE_IN_FRAMEWORK_HEADER = YES;
				CLANG_WARN_RANGE_LOOP_ANALYSIS = YES;
				CLANG_WARN_STRICT_PROTOTYPES = YES;
				CLANG_WARN_SUSPICIOUS_MOVE = YES;
				CLANG_WARN_UNGUARDED_AVAILABILITY = YES_AGGRESSIVE;
				CLANG_WARN_UNREACHABLE_CODE = YES;
				CLANG_WARN__DUPLICATE_METHOD_MATCH = YES;
				COPY_PHASE_STRIP = NO;
				DEBUG_INFORMATION_FORMAT = "dwarf-with-dsym";
				ENABLE_NS_ASSERTIONS = NO;
				ENABLE_STRICT_OBJC_MSGSEND = YES;
				GCC_C_LANGUAGE_STANDARD = gnu11;
				GCC_NO_COMMON_BLOCKS = YES;
				GCC_WARN_64_TO_32_BIT_CONVERSION = YES;
				GCC_WARN_ABOUT_RETURN_TYPE = YES_ERROR;
				GCC_WARN_UNDECLARED_SELECTOR = YES;
				GCC_WARN_UNINITIALIZED_AUTOS = YES_AGGRESSIVE;
				GCC_WARN_UNUSED_FUNCTION = YES;
				GCC_WARN_UNUSED_VARIABLE = YES;
				IPHONEOS_DEPLOYMENT_TARGET = 15.0;
				MTL_ENABLE_DEBUG_INFO = NO;
				MTL_FAST_MATH = YES;
				SDKROOT = iphoneos;
				SWIFT_COMPILATION_MODE = wholemodule;
				SWIFT_OPTIMIZATION_LEVEL = "-O";
				VALIDATE_PRODUCT = YES;
			};
			name = Release;
		};
		B99697B927EE0DBF0022CD4D /* Debug */ = {
			isa = XCBuildConfiguration;
			buildSettings = {
				ASSETCATALOG_COMPILER_APPICON_NAME = AppIcon;
				ASSETCATALOG_COMPILER_GLOBAL_ACCENT_COLOR_NAME = AccentColor;
				CODE_SIGN_STYLE = Automatic;
				CURRENT_PROJECT_VERSION = 1;
				DEVELOPMENT_TEAM = Y223BHAF53;
				GENERATE_INFOPLIST_FILE = YES;
				INFOPLIST_FILE = RegisterArchSubmission/Info.plist;
				INFOPLIST_KEY_UIApplicationSupportsIndirectInputEvents = YES;
				INFOPLIST_KEY_UILaunchStoryboardName = LaunchScreen;
				INFOPLIST_KEY_UIMainStoryboardFile = Main;
				INFOPLIST_KEY_UISupportedInterfaceOrientations_iPad = "UIInterfaceOrientationPortrait UIInterfaceOrientationPortraitUpsideDown UIInterfaceOrientationLandscapeLeft UIInterfaceOrientationLandscapeRight";
				INFOPLIST_KEY_UISupportedInterfaceOrientations_iPhone = "UIInterfaceOrientationPortrait UIInterfaceOrientationLandscapeLeft UIInterfaceOrientationLandscapeRight";
				LD_RUNPATH_SEARCH_PATHS = (
					"$(inherited)",
					"@executable_path/Frameworks",
				);
				MARKETING_VERSION = 1.0;
				PRODUCT_BUNDLE_IDENTIFIER = com.slicelife.RegisterArchSubmission;
				PRODUCT_NAME = "$(TARGET_NAME)";
				SWIFT_EMIT_LOC_STRINGS = YES;
				SWIFT_VERSION = 5.0;
				TARGETED_DEVICE_FAMILY = "1,2";
			};
			name = Debug;
		};
		B99697BA27EE0DBF0022CD4D /* Release */ = {
			isa = XCBuildConfiguration;
			buildSettings = {
				ASSETCATALOG_COMPILER_APPICON_NAME = AppIcon;
				ASSETCATALOG_COMPILER_GLOBAL_ACCENT_COLOR_NAME = AccentColor;
				CODE_SIGN_STYLE = Automatic;
				CURRENT_PROJECT_VERSION = 1;
				DEVELOPMENT_TEAM = Y223BHAF53;
				GENERATE_INFOPLIST_FILE = YES;
				INFOPLIST_FILE = RegisterArchSubmission/Info.plist;
				INFOPLIST_KEY_UIApplicationSupportsIndirectInputEvents = YES;
				INFOPLIST_KEY_UILaunchStoryboardName = LaunchScreen;
				INFOPLIST_KEY_UIMainStoryboardFile = Main;
				INFOPLIST_KEY_UISupportedInterfaceOrientations_iPad = "UIInterfaceOrientationPortrait UIInterfaceOrientationPortraitUpsideDown UIInterfaceOrientationLandscapeLeft UIInterfaceOrientationLandscapeRight";
				INFOPLIST_KEY_UISupportedInterfaceOrientations_iPhone = "UIInterfaceOrientationPortrait UIInterfaceOrientationLandscapeLeft UIInterfaceOrientationLandscapeRight";
				LD_RUNPATH_SEARCH_PATHS = (
					"$(inherited)",
					"@executable_path/Frameworks",
				);
				MARKETING_VERSION = 1.0;
				PRODUCT_BUNDLE_IDENTIFIER = com.slicelife.RegisterArchSubmission;
				PRODUCT_NAME = "$(TARGET_NAME)";
				SWIFT_EMIT_LOC_STRINGS = YES;
				SWIFT_VERSION = 5.0;
				TARGETED_DEVICE_FAMILY = "1,2";
			};
			name = Release;
		};
		B99697BC27EE0DBF0022CD4D /* Debug */ = {
			isa = XCBuildConfiguration;
			buildSettings = {
				ALWAYS_EMBED_SWIFT_STANDARD_LIBRARIES = YES;
				BUNDLE_LOADER = "$(TEST_HOST)";
				CODE_SIGN_STYLE = Automatic;
				CURRENT_PROJECT_VERSION = 1;
				DEVELOPMENT_TEAM = Y223BHAF53;
				GENERATE_INFOPLIST_FILE = YES;
				IPHONEOS_DEPLOYMENT_TARGET = 15.0;
				LD_RUNPATH_SEARCH_PATHS = (
					"$(inherited)",
					"@executable_path/Frameworks",
					"@loader_path/Frameworks",
				);
				MARKETING_VERSION = 1.0;
				PRODUCT_BUNDLE_IDENTIFIER = com.slicelife.RegisterArchSubmissionTests;
				PRODUCT_NAME = "$(TARGET_NAME)";
				SWIFT_EMIT_LOC_STRINGS = NO;
				SWIFT_VERSION = 5.0;
				TARGETED_DEVICE_FAMILY = "1,2";
				TEST_HOST = "$(BUILT_PRODUCTS_DIR)/RegisterArchSubmission.app/RegisterArchSubmission";
			};
			name = Debug;
		};
		B99697BD27EE0DBF0022CD4D /* Release */ = {
			isa = XCBuildConfiguration;
			buildSettings = {
				ALWAYS_EMBED_SWIFT_STANDARD_LIBRARIES = YES;
				BUNDLE_LOADER = "$(TEST_HOST)";
				CODE_SIGN_STYLE = Automatic;
				CURRENT_PROJECT_VERSION = 1;
				DEVELOPMENT_TEAM = Y223BHAF53;
				GENERATE_INFOPLIST_FILE = YES;
				IPHONEOS_DEPLOYMENT_TARGET = 15.0;
				LD_RUNPATH_SEARCH_PATHS = (
					"$(inherited)",
					"@executable_path/Frameworks",
					"@loader_path/Frameworks",
				);
				MARKETING_VERSION = 1.0;
				PRODUCT_BUNDLE_IDENTIFIER = com.slicelife.RegisterArchSubmissionTests;
				PRODUCT_NAME = "$(TARGET_NAME)";
				SWIFT_EMIT_LOC_STRINGS = NO;
				SWIFT_VERSION = 5.0;
				TARGETED_DEVICE_FAMILY = "1,2";
				TEST_HOST = "$(BUILT_PRODUCTS_DIR)/RegisterArchSubmission.app/RegisterArchSubmission";
			};
			name = Release;
		};
		B99697BF27EE0DBF0022CD4D /* Debug */ = {
			isa = XCBuildConfiguration;
			buildSettings = {
				ALWAYS_EMBED_SWIFT_STANDARD_LIBRARIES = YES;
				CODE_SIGN_STYLE = Automatic;
				CURRENT_PROJECT_VERSION = 1;
				DEVELOPMENT_TEAM = Y223BHAF53;
				GENERATE_INFOPLIST_FILE = YES;
				LD_RUNPATH_SEARCH_PATHS = (
					"$(inherited)",
					"@executable_path/Frameworks",
					"@loader_path/Frameworks",
				);
				MARKETING_VERSION = 1.0;
				PRODUCT_BUNDLE_IDENTIFIER = com.slicelife.RegisterArchSubmissionUITests;
				PRODUCT_NAME = "$(TARGET_NAME)";
				SWIFT_EMIT_LOC_STRINGS = NO;
				SWIFT_VERSION = 5.0;
				TARGETED_DEVICE_FAMILY = "1,2";
				TEST_TARGET_NAME = RegisterArchSubmission;
			};
			name = Debug;
		};
		B99697C027EE0DBF0022CD4D /* Release */ = {
			isa = XCBuildConfiguration;
			buildSettings = {
				ALWAYS_EMBED_SWIFT_STANDARD_LIBRARIES = YES;
				CODE_SIGN_STYLE = Automatic;
				CURRENT_PROJECT_VERSION = 1;
				DEVELOPMENT_TEAM = Y223BHAF53;
				GENERATE_INFOPLIST_FILE = YES;
				LD_RUNPATH_SEARCH_PATHS = (
					"$(inherited)",
					"@executable_path/Frameworks",
					"@loader_path/Frameworks",
				);
				MARKETING_VERSION = 1.0;
				PRODUCT_BUNDLE_IDENTIFIER = com.slicelife.RegisterArchSubmissionUITests;
				PRODUCT_NAME = "$(TARGET_NAME)";
				SWIFT_EMIT_LOC_STRINGS = NO;
				SWIFT_VERSION = 5.0;
				TARGETED_DEVICE_FAMILY = "1,2";
				TEST_TARGET_NAME = RegisterArchSubmission;
			};
			name = Release;
		};
/* End XCBuildConfiguration section */

/* Begin XCConfigurationList section */
		B996978927EE0DBD0022CD4D /* Build configuration list for PBXProject "RegisterArchSubmission" */ = {
			isa = XCConfigurationList;
			buildConfigurations = (
				B99697B627EE0DBF0022CD4D /* Debug */,
				B99697B727EE0DBF0022CD4D /* Release */,
			);
			defaultConfigurationIsVisible = 0;
			defaultConfigurationName = Release;
		};
		B99697B827EE0DBF0022CD4D /* Build configuration list for PBXNativeTarget "RegisterArchSubmission" */ = {
			isa = XCConfigurationList;
			buildConfigurations = (
				B99697B927EE0DBF0022CD4D /* Debug */,
				B99697BA27EE0DBF0022CD4D /* Release */,
			);
			defaultConfigurationIsVisible = 0;
			defaultConfigurationName = Release;
		};
		B99697BB27EE0DBF0022CD4D /* Build configuration list for PBXNativeTarget "RegisterArchSubmissionTests" */ = {
			isa = XCConfigurationList;
			buildConfigurations = (
				B99697BC27EE0DBF0022CD4D /* Debug */,
				B99697BD27EE0DBF0022CD4D /* Release */,
			);
			defaultConfigurationIsVisible = 0;
			defaultConfigurationName = Release;
		};
		B99697BE27EE0DBF0022CD4D /* Build configuration list for PBXNativeTarget "RegisterArchSubmissionUITests" */ = {
			isa = XCConfigurationList;
			buildConfigurations = (
				B99697BF27EE0DBF0022CD4D /* Debug */,
				B99697C027EE0DBF0022CD4D /* Release */,
			);
			defaultConfigurationIsVisible = 0;
			defaultConfigurationName = Release;
		};
/* End XCConfigurationList section */
	};
	rootObject = B996978627EE0DBD0022CD4D /* Project object */;
}
